{
  "version": 4,
  "terraform_version": "1.9.6",
  "serial": 10,
  "lineage": "42ee7f74-a640-ab22-bb21-ae00a6cb782a",
  "outputs": {},
  "resources": [
    {
      "mode": "managed",
      "type": "docker_image",
      "name": "nginx",
      "provider": "provider[\"registry.terraform.io/kreuzwerker/docker\"]",
      "instances": [
        {
          "schema_version": 0,
          "attributes": {
            "build": [],
            "force_remove": null,
            "id": "sha256:39286ab8a5e14aeaf5fdd6e2fac76e0c8d31a0c07224f0ee5e6be502f12e93f3nginx:latest",
            "image_id": "sha256:39286ab8a5e14aeaf5fdd6e2fac76e0c8d31a0c07224f0ee5e6be502f12e93f3",
            "keep_locally": null,
            "name": "nginx:latest",
            "platform": null,
            "pull_triggers": null,
            "repo_digest": "nginx@sha256:04ba374043ccd2fc5c593885c0eacddebabd5ca375f9323666f28dfd5a9710e3",
            "triggers": null
          },
          "sensitive_attributes": [],
          "private": "bnVsbA=="
        }
      ]
    }
  ],
  "check_results": null
}
